
Microsoft Visual Studio Solution File, Format Version 12.00
# Visual Studio Version 16
VisualStudioVersion = 16.0.31129.286
MinimumVisualStudioVersion = 10.0.40219.1
Project("{FAE04EC0-301F-11D3-BF4B-00C04F79EFBC}") = "AspNetMovieApp", "AspNetMovieApp\AspNetMovieApp.csproj", "{9F398B4E-1268-4C63-9EC3-BFEBD7934321}"
EndProject
Global
	GlobalSection(SolutionConfigurationPlatforms) = preSolution
		Debug|Any CPU = Debug|Any CPU
		Release|Any CPU = Release|Any CPU
	EndGlobalSection
	GlobalSection(ProjectConfigurationPlatforms) = postSolution
		{9F398B4E-1268-4C63-9EC3-BFEBD7934321}.Debug|Any CPU.ActiveCfg = Debug|Any CPU
		{9F398B4E-1268-4C63-9EC3-BFEBD7934321}.Debug|Any CPU.Build.0 = Debug|Any CPU
		{9F398B4E-1268-4C63-9EC3-BFEBD7934321}.Release|Any CPU.ActiveCfg = Release|Any CPU
		{9F398B4E-1268-4C63-9EC3-BFEBD7934321}.Release|Any CPU.Build.0 = Release|Any CPU
	EndGlobalSection
	GlobalSection(SolutionProperties) = preSolution
		HideSolutionNode = FALSE
	EndGlobalSection
	GlobalSection(ExtensibilityGlobals) = postSolution
		SolutionGuid = {AD66A256-CC2A-4F23-8017-D7B3B542A7C0}
	EndGlobalSection
EndGlobal
